
Microsoft Visual Studio Solution File, Format Version 12.00
# Visual Studio Version 17
VisualStudioVersion = 17.3.32825.248
MinimumVisualStudioVersion = 10.0.40219.1
Project("{FAE04EC0-301F-11D3-BF4B-00C04F79EFBC}") = "Login", "Login\Login.csproj", "{7C7B6C9F-C50A-46A1-B405-3C7831E9469D}"
EndProject
Global
	GlobalSection(SolutionConfigurationPlatforms) = preSolution
		Debug|Any CPU = Debug|Any CPU
		Release|Any CPU = Release|Any CPU
	EndGlobalSection
	GlobalSection(ProjectConfigurationPlatforms) = postSolution
		{7C7B6C9F-C50A-46A1-B405-3C7831E9469D}.Debug|Any CPU.ActiveCfg = Debug|Any CPU
		{7C7B6C9F-C50A-46A1-B405-3C7831E9469D}.Debug|Any CPU.Build.0 = Debug|Any CPU
		{7C7B6C9F-C50A-46A1-B405-3C7831E9469D}.Release|Any CPU.ActiveCfg = Release|Any CPU
		{7C7B6C9F-C50A-46A1-B405-3C7831E9469D}.Release|Any CPU.Build.0 = Release|Any CPU
	EndGlobalSection
	GlobalSection(SolutionProperties) = preSolution
		HideSolutionNode = FALSE
	EndGlobalSection
	GlobalSection(ExtensibilityGlobals) = postSolution
		SolutionGuid = {F0D63DD7-0893-476E-BFE1-6F582CC8C5D9}
	EndGlobalSection
EndGlobal
